Microsoft Visual Studio Solution File, Format Version 11.00
# Visual Studio 2008

Project("{CF911BD0-BB7A-2DF6-C5E4-89EBCE08AB32}") = "GHHS-STEM-Game", "Assembly-CSharp.csproj", "{6DCC6BFD-CDFC-FA58-819F-27987E465878}"
EndProject
Global
	GlobalSection(SolutionConfigurationPlatforms) = preSolution
		Debug|Any CPU = Debug|Any CPU
		Release|Any CPU = Release|Any CPU
	EndGlobalSection
	GlobalSection(ProjectConfigurationPlatforms) = postSolution
		{6DCC6BFD-CDFC-FA58-819F-27987E465878}.Debug|Any CPU.ActiveCfg = Debug|Any CPU
		{6DCC6BFD-CDFC-FA58-819F-27987E465878}.Debug|Any CPU.Build.0 = Debug|Any CPU
		{6DCC6BFD-CDFC-FA58-819F-27987E465878}.Release|Any CPU.ActiveCfg = Release|Any CPU
		{6DCC6BFD-CDFC-FA58-819F-27987E465878}.Release|Any CPU.Build.0 = Release|Any CPU
	EndGlobalSection
	GlobalSection(SolutionProperties) = preSolution
		HideSolutionNode = FALSE
	EndGlobalSection
	GlobalSection(MonoDevelopProperties) = preSolution
		StartupItem = Assembly-CSharp.csproj
	EndGlobalSection
EndGlobal
